
Microsoft Visual Studio Solution File, Format Version 12.00
# Visual Studio Version 17
VisualStudioVersion = 17.8.34330.188
MinimumVisualStudioVersion = 10.0.40219.1
Project("{FAE04EC0-301F-11D3-BF4B-00C04F79EFBC}") = "Worktastic", "Worktastic\Worktastic.csproj", "{2586790E-E180-4586-BC43-D816C0E5FB3A}"
EndProject
Global
	GlobalSection(SolutionConfigurationPlatforms) = preSolution
		Debug|Any CPU = Debug|Any CPU
		Release|Any CPU = Release|Any CPU
	EndGlobalSection
	GlobalSection(ProjectConfigurationPlatforms) = postSolution
		{2586790E-E180-4586-BC43-D816C0E5FB3A}.Debug|Any CPU.ActiveCfg = Debug|Any CPU
		{2586790E-E180-4586-BC43-D816C0E5FB3A}.Debug|Any CPU.Build.0 = Debug|Any CPU
		{2586790E-E180-4586-BC43-D816C0E5FB3A}.Release|Any CPU.ActiveCfg = Release|Any CPU
		{2586790E-E180-4586-BC43-D816C0E5FB3A}.Release|Any CPU.Build.0 = Release|Any CPU
	EndGlobalSection
	GlobalSection(SolutionProperties) = preSolution
		HideSolutionNode = FALSE
	EndGlobalSection
	GlobalSection(ExtensibilityGlobals) = postSolution
		SolutionGuid = {19B6B242-851F-4573-86FA-025504310F51}
	EndGlobalSection
EndGlobal
